{
    "version": 3,
    "terraform_version": "0.11.3",
    "serial": 7,
    "lineage": "dc19b2f7-eadb-4392-bed9-e7a58fe78bb2",
    "modules": [
        {
            "path": [
                "root"
            ],
            "outputs": {},
            "resources": {
                "aws_s3_bucket.starLordKopsBucketBB": {
                    "type": "aws_s3_bucket",
                    "depends_on": [],
                    "primary": {
                        "id": "starlordkopsbucketbb",
                        "attributes": {
                            "acceleration_status": "",
                            "acl": "private",
                            "arn": "arn:aws:s3:::starlordkopsbucketbb",
                            "bucket": "starlordkopsbucketbb",
                            "bucket_domain_name": "starlordkopsbucketbb.s3.amazonaws.com",
                            "force_destroy": "false",
                            "hosted_zone_id": "Z21DNDUVLTQW6Q",
                            "id": "starlordkopsbucketbb",
                            "logging.#": "0",
                            "region": "eu-central-1",
                            "replication_configuration.#": "0",
                            "request_payer": "BucketOwner",
                            "server_side_encryption_configuration.#": "0",
                            "tags.%": "3",
                            "tags.TF": "Made-From-Terraform",
                            "tags.name": "starLordKopsBucketBB",
                            "tags.purpose": "kops-state-storage",
                            "versioning.#": "1",
                            "versioning.0.enabled": "false",
                            "versioning.0.mfa_delete": "false",
                            "website.#": "0"
                        },
                        "meta": {},
                        "tainted": false
                    },
                    "deposed": [],
                    "provider": "provider.aws"
                }
            },
            "depends_on": []
        }
    ]
}
